
Microsoft Visual Studio Solution File, Format Version 12.00
# Visual Studio Version 17
VisualStudioVersion = 17.4.33213.308
MinimumVisualStudioVersion = 10.0.40219.1
Project("{FAE04EC0-301F-11D3-BF4B-00C04F79EFBC}") = "ProductService", "ProductService\ProductService.csproj", "{8870C27E-6543-41DE-ACBB-398A4CD4F307}"
EndProject
Project("{FAE04EC0-301F-11D3-BF4B-00C04F79EFBC}") = "OrderService", "OrderService\OrderService.csproj", "{17A27EE7-BFC7-4AB5-94CF-EC1EE42A787F}"
EndProject
Project("{FAE04EC0-301F-11D3-BF4B-00C04F79EFBC}") = "AccountService", "AccountService\AccountService.csproj", "{739BB2BE-A8E4-4B31-8616-8DED26BE1D80}"
EndProject
Global
	GlobalSection(SolutionConfigurationPlatforms) = preSolution
		Debug|Any CPU = Debug|Any CPU
		Release|Any CPU = Release|Any CPU
	EndGlobalSection
	GlobalSection(ProjectConfigurationPlatforms) = postSolution
		{8870C27E-6543-41DE-ACBB-398A4CD4F307}.Debug|Any CPU.ActiveCfg = Debug|Any CPU
		{8870C27E-6543-41DE-ACBB-398A4CD4F307}.Debug|Any CPU.Build.0 = Debug|Any CPU
		{8870C27E-6543-41DE-ACBB-398A4CD4F307}.Release|Any CPU.ActiveCfg = Release|Any CPU
		{8870C27E-6543-41DE-ACBB-398A4CD4F307}.Release|Any CPU.Build.0 = Release|Any CPU
		{17A27EE7-BFC7-4AB5-94CF-EC1EE42A787F}.Debug|Any CPU.ActiveCfg = Debug|Any CPU
		{17A27EE7-BFC7-4AB5-94CF-EC1EE42A787F}.Debug|Any CPU.Build.0 = Debug|Any CPU
		{17A27EE7-BFC7-4AB5-94CF-EC1EE42A787F}.Release|Any CPU.ActiveCfg = Release|Any CPU
		{17A27EE7-BFC7-4AB5-94CF-EC1EE42A787F}.Release|Any CPU.Build.0 = Release|Any CPU
		{739BB2BE-A8E4-4B31-8616-8DED26BE1D80}.Debug|Any CPU.ActiveCfg = Debug|Any CPU
		{739BB2BE-A8E4-4B31-8616-8DED26BE1D80}.Debug|Any CPU.Build.0 = Debug|Any CPU
		{739BB2BE-A8E4-4B31-8616-8DED26BE1D80}.Release|Any CPU.ActiveCfg = Release|Any CPU
		{739BB2BE-A8E4-4B31-8616-8DED26BE1D80}.Release|Any CPU.Build.0 = Release|Any CPU
	EndGlobalSection
	GlobalSection(SolutionProperties) = preSolution
		HideSolutionNode = FALSE
	EndGlobalSection
	GlobalSection(ExtensibilityGlobals) = postSolution
		SolutionGuid = {4A30CE97-31DA-4432-A341-A7FA03A5F329}
	EndGlobalSection
EndGlobal
